
Microsoft Visual Studio Solution File, Format Version 12.00
# Visual Studio Version 17
VisualStudioVersion = 17.0.31912.275
MinimumVisualStudioVersion = 10.0.40219.1
Project("{FAE04EC0-301F-11D3-BF4B-00C04F79EFBC}") = "RAGErally", "RAGErally.csproj", "{13BBD500-EF30-4BD8-988A-6A14B4466982}"
EndProject
Global
	GlobalSection(SolutionConfigurationPlatforms) = preSolution
		Debug|Any CPU = Debug|Any CPU
		Release|Any CPU = Release|Any CPU
	EndGlobalSection
	GlobalSection(ProjectConfigurationPlatforms) = postSolution
		{13BBD500-EF30-4BD8-988A-6A14B4466982}.Debug|Any CPU.ActiveCfg = Debug|Any CPU
		{13BBD500-EF30-4BD8-988A-6A14B4466982}.Debug|Any CPU.Build.0 = Debug|Any CPU
		{13BBD500-EF30-4BD8-988A-6A14B4466982}.Release|Any CPU.ActiveCfg = Release|Any CPU
		{13BBD500-EF30-4BD8-988A-6A14B4466982}.Release|Any CPU.Build.0 = Release|Any CPU
	EndGlobalSection
	GlobalSection(SolutionProperties) = preSolution
		HideSolutionNode = FALSE
	EndGlobalSection
	GlobalSection(ExtensibilityGlobals) = postSolution
		SolutionGuid = {64CACDD3-5552-4644-ADB2-B9FF3402B54B}
	EndGlobalSection
EndGlobal
